
Microsoft Visual Studio Solution File, Format Version 12.00
# Visual Studio Version 17
VisualStudioVersion = 17.11.35303.130
MinimumVisualStudioVersion = 10.0.40219.1
Project("{FAE04EC0-301F-11D3-BF4B-00C04F79EFBC}") = "MessageBoard.Api", "MessageBoard\MessageBoard.Api.csproj", "{3D78F905-5D7D-4FBF-A535-5B12B7B04C84}"
EndProject
Project("{2150E333-8FDC-42A3-9474-1A3956D46DE8}") = "src", "src", "{7EF1E351-B25C-48B7-8A9B-4A2C6D90EE33}"
EndProject
Project("{2150E333-8FDC-42A3-9474-1A3956D46DE8}") = "tests", "tests", "{9D91CB00-6F0F-4E34-A44D-80979FB2F36F}"
EndProject
Project("{2150E333-8FDC-42A3-9474-1A3956D46DE8}") = "Application", "Application", "{BD387120-A69F-454D-A789-51573A1F845B}"
EndProject
Project("{2150E333-8FDC-42A3-9474-1A3956D46DE8}") = "Contracts", "Contracts", "{F2B8D0F1-D066-4354-8E27-16BD1EEA980D}"
EndProject
Project("{2150E333-8FDC-42A3-9474-1A3956D46DE8}") = "Domain", "Domain", "{DD34E7DE-DFCE-4412-BF03-5816A8C0D3E0}"
EndProject
Project("{2150E333-8FDC-42A3-9474-1A3956D46DE8}") = "Hosts", "Hosts", "{7C3DA1F4-0FED-4AC1-B822-D098AF108B8D}"
EndProject
Project("{2150E333-8FDC-42A3-9474-1A3956D46DE8}") = "Infrastructure", "Infrastructure", "{0382A181-4501-4946-8D49-9DC34400691E}"
EndProject
Project("{FAE04EC0-301F-11D3-BF4B-00C04F79EFBC}") = "MessageBoard.AppServices", "MessageBoard.AppServices\MessageBoard.AppServices.csproj", "{8CD6D92D-2D0A-4627-9ABB-A21EFD5C51A2}"
EndProject
Project("{FAE04EC0-301F-11D3-BF4B-00C04F79EFBC}") = "MessageBoard.Contracts", "MessageBoard.Contracts\MessageBoard.Contracts.csproj", "{118705B6-2989-49C2-9533-A968C2CA8DF2}"
EndProject
Project("{FAE04EC0-301F-11D3-BF4B-00C04F79EFBC}") = "MessageBoard.Domain", "MessageBoard.Domain\MessageBoard.Domain.csproj", "{5320A209-9038-4186-A67A-1E8DE19808F8}"
EndProject
Project("{FAE04EC0-301F-11D3-BF4B-00C04F79EFBC}") = "MessageBoard.DataAccess", "MessageBoard.DataAccess\MessageBoard.DataAccess.csproj", "{8705829B-A1A8-4204-A9AE-99A73DF881D1}"
EndProject
Project("{FAE04EC0-301F-11D3-BF4B-00C04F79EFBC}") = "MessageBoard.Infrastructure", "MessageBoard.Infrastructure\MessageBoard.Infrastructure.csproj", "{16A73B0F-D62A-49AD-867F-491ABBB1DD22}"
EndProject
Project("{FAE04EC0-301F-11D3-BF4B-00C04F79EFBC}") = "MessageBoard.Tests", "MessageBoard.Tests\MessageBoard.Tests.csproj", "{F41F67AD-1428-4A68-9F25-B86E9790CF0F}"
EndProject
Global
	GlobalSection(SolutionConfigurationPlatforms) = preSolution
		Debug|Any CPU = Debug|Any CPU
		Release|Any CPU = Release|Any CPU
	EndGlobalSection
	GlobalSection(ProjectConfigurationPlatforms) = postSolution
		{3D78F905-5D7D-4FBF-A535-5B12B7B04C84}.Debug|Any CPU.ActiveCfg = Debug|Any CPU
		{3D78F905-5D7D-4FBF-A535-5B12B7B04C84}.Debug|Any CPU.Build.0 = Debug|Any CPU
		{3D78F905-5D7D-4FBF-A535-5B12B7B04C84}.Release|Any CPU.ActiveCfg = Release|Any CPU
		{3D78F905-5D7D-4FBF-A535-5B12B7B04C84}.Release|Any CPU.Build.0 = Release|Any CPU
		{8CD6D92D-2D0A-4627-9ABB-A21EFD5C51A2}.Debug|Any CPU.ActiveCfg = Debug|Any CPU
		{8CD6D92D-2D0A-4627-9ABB-A21EFD5C51A2}.Debug|Any CPU.Build.0 = Debug|Any CPU
		{8CD6D92D-2D0A-4627-9ABB-A21EFD5C51A2}.Release|Any CPU.ActiveCfg = Release|Any CPU
		{8CD6D92D-2D0A-4627-9ABB-A21EFD5C51A2}.Release|Any CPU.Build.0 = Release|Any CPU
		{118705B6-2989-49C2-9533-A968C2CA8DF2}.Debug|Any CPU.ActiveCfg = Debug|Any CPU
		{118705B6-2989-49C2-9533-A968C2CA8DF2}.Debug|Any CPU.Build.0 = Debug|Any CPU
		{118705B6-2989-49C2-9533-A968C2CA8DF2}.Release|Any CPU.ActiveCfg = Release|Any CPU
		{118705B6-2989-49C2-9533-A968C2CA8DF2}.Release|Any CPU.Build.0 = Release|Any CPU
		{5320A209-9038-4186-A67A-1E8DE19808F8}.Debug|Any CPU.ActiveCfg = Debug|Any CPU
		{5320A209-9038-4186-A67A-1E8DE19808F8}.Debug|Any CPU.Build.0 = Debug|Any CPU
		{5320A209-9038-4186-A67A-1E8DE19808F8}.Release|Any CPU.ActiveCfg = Release|Any CPU
		{5320A209-9038-4186-A67A-1E8DE19808F8}.Release|Any CPU.Build.0 = Release|Any CPU
		{8705829B-A1A8-4204-A9AE-99A73DF881D1}.Debug|Any CPU.ActiveCfg = Debug|Any CPU
		{8705829B-A1A8-4204-A9AE-99A73DF881D1}.Debug|Any CPU.Build.0 = Debug|Any CPU
		{8705829B-A1A8-4204-A9AE-99A73DF881D1}.Release|Any CPU.ActiveCfg = Release|Any CPU
		{8705829B-A1A8-4204-A9AE-99A73DF881D1}.Release|Any CPU.Build.0 = Release|Any CPU
		{16A73B0F-D62A-49AD-867F-491ABBB1DD22}.Debug|Any CPU.ActiveCfg = Debug|Any CPU
		{16A73B0F-D62A-49AD-867F-491ABBB1DD22}.Debug|Any CPU.Build.0 = Debug|Any CPU
		{16A73B0F-D62A-49AD-867F-491ABBB1DD22}.Release|Any CPU.ActiveCfg = Release|Any CPU
		{16A73B0F-D62A-49AD-867F-491ABBB1DD22}.Release|Any CPU.Build.0 = Release|Any CPU
		{F41F67AD-1428-4A68-9F25-B86E9790CF0F}.Debug|Any CPU.ActiveCfg = Debug|Any CPU
		{F41F67AD-1428-4A68-9F25-B86E9790CF0F}.Debug|Any CPU.Build.0 = Debug|Any CPU
		{F41F67AD-1428-4A68-9F25-B86E9790CF0F}.Release|Any CPU.ActiveCfg = Release|Any CPU
		{F41F67AD-1428-4A68-9F25-B86E9790CF0F}.Release|Any CPU.Build.0 = Release|Any CPU
	EndGlobalSection
	GlobalSection(SolutionProperties) = preSolution
		HideSolutionNode = FALSE
	EndGlobalSection
	GlobalSection(NestedProjects) = preSolution
		{3D78F905-5D7D-4FBF-A535-5B12B7B04C84} = {7C3DA1F4-0FED-4AC1-B822-D098AF108B8D}
		{BD387120-A69F-454D-A789-51573A1F845B} = {7EF1E351-B25C-48B7-8A9B-4A2C6D90EE33}
		{F2B8D0F1-D066-4354-8E27-16BD1EEA980D} = {7EF1E351-B25C-48B7-8A9B-4A2C6D90EE33}
		{DD34E7DE-DFCE-4412-BF03-5816A8C0D3E0} = {7EF1E351-B25C-48B7-8A9B-4A2C6D90EE33}
		{7C3DA1F4-0FED-4AC1-B822-D098AF108B8D} = {7EF1E351-B25C-48B7-8A9B-4A2C6D90EE33}
		{0382A181-4501-4946-8D49-9DC34400691E} = {7EF1E351-B25C-48B7-8A9B-4A2C6D90EE33}
		{8CD6D92D-2D0A-4627-9ABB-A21EFD5C51A2} = {BD387120-A69F-454D-A789-51573A1F845B}
		{118705B6-2989-49C2-9533-A968C2CA8DF2} = {F2B8D0F1-D066-4354-8E27-16BD1EEA980D}
		{5320A209-9038-4186-A67A-1E8DE19808F8} = {DD34E7DE-DFCE-4412-BF03-5816A8C0D3E0}
		{8705829B-A1A8-4204-A9AE-99A73DF881D1} = {0382A181-4501-4946-8D49-9DC34400691E}
		{16A73B0F-D62A-49AD-867F-491ABBB1DD22} = {0382A181-4501-4946-8D49-9DC34400691E}
		{F41F67AD-1428-4A68-9F25-B86E9790CF0F} = {9D91CB00-6F0F-4E34-A44D-80979FB2F36F}
	EndGlobalSection
	GlobalSection(ExtensibilityGlobals) = postSolution
		SolutionGuid = {E335699C-DE66-4A1C-8295-D4C6EE9DF40F}
	EndGlobalSection
EndGlobal
