
Microsoft Visual Studio Solution File, Format Version 12.00
# Visual Studio Version 17
VisualStudioVersion = 17.11.35303.130
MinimumVisualStudioVersion = 10.0.40219.1
Project("{2150E333-8FDC-42A3-9474-1A3956D46DE8}") = "src", "src", "{7EF1E351-B25C-48B7-8A9B-4A2C6D90EE33}"
EndProject
Project("{2150E333-8FDC-42A3-9474-1A3956D46DE8}") = "tests", "tests", "{9D91CB00-6F0F-4E34-A44D-80979FB2F36F}"
EndProject
Project("{2150E333-8FDC-42A3-9474-1A3956D46DE8}") = "Application", "Application", "{BD387120-A69F-454D-A789-51573A1F845B}"
EndProject
Project("{2150E333-8FDC-42A3-9474-1A3956D46DE8}") = "Contracts", "Contracts", "{F2B8D0F1-D066-4354-8E27-16BD1EEA980D}"
EndProject
Project("{2150E333-8FDC-42A3-9474-1A3956D46DE8}") = "Domain", "Domain", "{DD34E7DE-DFCE-4412-BF03-5816A8C0D3E0}"
EndProject
Project("{2150E333-8FDC-42A3-9474-1A3956D46DE8}") = "Hosts", "Hosts", "{7C3DA1F4-0FED-4AC1-B822-D098AF108B8D}"
EndProject
Project("{2150E333-8FDC-42A3-9474-1A3956D46DE8}") = "Infrastructure", "Infrastructure", "{0382A181-4501-4946-8D49-9DC34400691E}"
EndProject
Project("{9A19103F-16F7-4668-BE54-9A1E7A4F7556}") = "OrderBoard.Api", "OrderBoard\OrderBoard.Api.csproj", "{D5743B78-0C31-4C74-9ECC-0A099B9C1CAB}"
EndProject
Project("{9A19103F-16F7-4668-BE54-9A1E7A4F7556}") = "OrderBoard.AppServices", "OrderBoard.AppServices\OrderBoard.AppServices.csproj", "{35831D8C-A780-4505-A524-2FE96AC5055C}"
EndProject
Project("{9A19103F-16F7-4668-BE54-9A1E7A4F7556}") = "OrderBoard.Contracts", "OrderBoard.Contracts\OrderBoard.Contracts.csproj", "{70E38AA4-53AC-4A4D-9AE1-AD8BB85C5063}"
EndProject
Project("{9A19103F-16F7-4668-BE54-9A1E7A4F7556}") = "OrderBoard.DataAccess", "OrderBoard.DataAccess\OrderBoard.DataAccess.csproj", "{E4EF864F-04F0-4A7C-899F-3C8767FEFE00}"
EndProject
Project("{9A19103F-16F7-4668-BE54-9A1E7A4F7556}") = "OrderBoard.Domain", "OrderBoard.Domain\OrderBoard.Domain.csproj", "{A2011383-CDF0-4D36-BBDF-70D9B7910524}"
EndProject
Project("{9A19103F-16F7-4668-BE54-9A1E7A4F7556}") = "OrderBoard.Infrastructure", "OrderBoard.Infrastructure\OrderBoard.Infrastructure.csproj", "{A5184078-52B5-4CCC-BD98-7EBCEF0EBEC5}"
EndProject
Project("{9A19103F-16F7-4668-BE54-9A1E7A4F7556}") = "OrderBoard.Tests", "OrderBoard.Tests\OrderBoard.Tests.csproj", "{0632DB59-50E7-4813-AE8C-8EB7E8A3363A}"
EndProject
Project("{9A19103F-16F7-4668-BE54-9A1E7A4F7556}") = "OrderBoard.DbMigrator", "OrderBoard.DbMigrator\OrderBoard.DbMigrator.csproj", "{32F318A7-417D-4D5D-A174-67F84A9AE40C}"
EndProject
Project("{FAE04EC0-301F-11D3-BF4B-00C04F79EFBC}") = "OrderBoard.ComponentRegistrator", "src\OrderBoard.ComponentRegistrator\OrderBoard.ComponentRegistrator.csproj", "{D709FFF0-504F-401D-B187-66C30E4C94E5}"
EndProject
Global
	GlobalSection(SolutionConfigurationPlatforms) = preSolution
		Debug|Any CPU = Debug|Any CPU
		Release|Any CPU = Release|Any CPU
	EndGlobalSection
	GlobalSection(ProjectConfigurationPlatforms) = postSolution
		{D5743B78-0C31-4C74-9ECC-0A099B9C1CAB}.Debug|Any CPU.ActiveCfg = Debug|Any CPU
		{D5743B78-0C31-4C74-9ECC-0A099B9C1CAB}.Debug|Any CPU.Build.0 = Debug|Any CPU
		{D5743B78-0C31-4C74-9ECC-0A099B9C1CAB}.Release|Any CPU.ActiveCfg = Release|Any CPU
		{D5743B78-0C31-4C74-9ECC-0A099B9C1CAB}.Release|Any CPU.Build.0 = Release|Any CPU
		{35831D8C-A780-4505-A524-2FE96AC5055C}.Debug|Any CPU.ActiveCfg = Debug|Any CPU
		{35831D8C-A780-4505-A524-2FE96AC5055C}.Debug|Any CPU.Build.0 = Debug|Any CPU
		{35831D8C-A780-4505-A524-2FE96AC5055C}.Release|Any CPU.ActiveCfg = Release|Any CPU
		{35831D8C-A780-4505-A524-2FE96AC5055C}.Release|Any CPU.Build.0 = Release|Any CPU
		{70E38AA4-53AC-4A4D-9AE1-AD8BB85C5063}.Debug|Any CPU.ActiveCfg = Debug|Any CPU
		{70E38AA4-53AC-4A4D-9AE1-AD8BB85C5063}.Debug|Any CPU.Build.0 = Debug|Any CPU
		{70E38AA4-53AC-4A4D-9AE1-AD8BB85C5063}.Release|Any CPU.ActiveCfg = Release|Any CPU
		{70E38AA4-53AC-4A4D-9AE1-AD8BB85C5063}.Release|Any CPU.Build.0 = Release|Any CPU
		{E4EF864F-04F0-4A7C-899F-3C8767FEFE00}.Debug|Any CPU.ActiveCfg = Debug|Any CPU
		{E4EF864F-04F0-4A7C-899F-3C8767FEFE00}.Debug|Any CPU.Build.0 = Debug|Any CPU
		{E4EF864F-04F0-4A7C-899F-3C8767FEFE00}.Release|Any CPU.ActiveCfg = Release|Any CPU
		{E4EF864F-04F0-4A7C-899F-3C8767FEFE00}.Release|Any CPU.Build.0 = Release|Any CPU
		{A2011383-CDF0-4D36-BBDF-70D9B7910524}.Debug|Any CPU.ActiveCfg = Debug|Any CPU
		{A2011383-CDF0-4D36-BBDF-70D9B7910524}.Debug|Any CPU.Build.0 = Debug|Any CPU
		{A2011383-CDF0-4D36-BBDF-70D9B7910524}.Release|Any CPU.ActiveCfg = Release|Any CPU
		{A2011383-CDF0-4D36-BBDF-70D9B7910524}.Release|Any CPU.Build.0 = Release|Any CPU
		{A5184078-52B5-4CCC-BD98-7EBCEF0EBEC5}.Debug|Any CPU.ActiveCfg = Debug|Any CPU
		{A5184078-52B5-4CCC-BD98-7EBCEF0EBEC5}.Debug|Any CPU.Build.0 = Debug|Any CPU
		{A5184078-52B5-4CCC-BD98-7EBCEF0EBEC5}.Release|Any CPU.ActiveCfg = Release|Any CPU
		{A5184078-52B5-4CCC-BD98-7EBCEF0EBEC5}.Release|Any CPU.Build.0 = Release|Any CPU
		{0632DB59-50E7-4813-AE8C-8EB7E8A3363A}.Debug|Any CPU.ActiveCfg = Debug|Any CPU
		{0632DB59-50E7-4813-AE8C-8EB7E8A3363A}.Debug|Any CPU.Build.0 = Debug|Any CPU
		{0632DB59-50E7-4813-AE8C-8EB7E8A3363A}.Release|Any CPU.ActiveCfg = Release|Any CPU
		{0632DB59-50E7-4813-AE8C-8EB7E8A3363A}.Release|Any CPU.Build.0 = Release|Any CPU
		{32F318A7-417D-4D5D-A174-67F84A9AE40C}.Debug|Any CPU.ActiveCfg = Debug|Any CPU
		{32F318A7-417D-4D5D-A174-67F84A9AE40C}.Debug|Any CPU.Build.0 = Debug|Any CPU
		{32F318A7-417D-4D5D-A174-67F84A9AE40C}.Release|Any CPU.ActiveCfg = Release|Any CPU
		{32F318A7-417D-4D5D-A174-67F84A9AE40C}.Release|Any CPU.Build.0 = Release|Any CPU
		{D709FFF0-504F-401D-B187-66C30E4C94E5}.Debug|Any CPU.ActiveCfg = Debug|Any CPU
		{D709FFF0-504F-401D-B187-66C30E4C94E5}.Debug|Any CPU.Build.0 = Debug|Any CPU
		{D709FFF0-504F-401D-B187-66C30E4C94E5}.Release|Any CPU.ActiveCfg = Release|Any CPU
		{D709FFF0-504F-401D-B187-66C30E4C94E5}.Release|Any CPU.Build.0 = Release|Any CPU
	EndGlobalSection
	GlobalSection(SolutionProperties) = preSolution
		HideSolutionNode = FALSE
	EndGlobalSection
	GlobalSection(NestedProjects) = preSolution
		{BD387120-A69F-454D-A789-51573A1F845B} = {7EF1E351-B25C-48B7-8A9B-4A2C6D90EE33}
		{F2B8D0F1-D066-4354-8E27-16BD1EEA980D} = {7EF1E351-B25C-48B7-8A9B-4A2C6D90EE33}
		{DD34E7DE-DFCE-4412-BF03-5816A8C0D3E0} = {7EF1E351-B25C-48B7-8A9B-4A2C6D90EE33}
		{7C3DA1F4-0FED-4AC1-B822-D098AF108B8D} = {7EF1E351-B25C-48B7-8A9B-4A2C6D90EE33}
		{0382A181-4501-4946-8D49-9DC34400691E} = {7EF1E351-B25C-48B7-8A9B-4A2C6D90EE33}
		{D5743B78-0C31-4C74-9ECC-0A099B9C1CAB} = {7C3DA1F4-0FED-4AC1-B822-D098AF108B8D}
		{35831D8C-A780-4505-A524-2FE96AC5055C} = {BD387120-A69F-454D-A789-51573A1F845B}
		{70E38AA4-53AC-4A4D-9AE1-AD8BB85C5063} = {F2B8D0F1-D066-4354-8E27-16BD1EEA980D}
		{E4EF864F-04F0-4A7C-899F-3C8767FEFE00} = {0382A181-4501-4946-8D49-9DC34400691E}
		{A2011383-CDF0-4D36-BBDF-70D9B7910524} = {DD34E7DE-DFCE-4412-BF03-5816A8C0D3E0}
		{A5184078-52B5-4CCC-BD98-7EBCEF0EBEC5} = {0382A181-4501-4946-8D49-9DC34400691E}
		{0632DB59-50E7-4813-AE8C-8EB7E8A3363A} = {9D91CB00-6F0F-4E34-A44D-80979FB2F36F}
		{32F318A7-417D-4D5D-A174-67F84A9AE40C} = {7C3DA1F4-0FED-4AC1-B822-D098AF108B8D}
		{D709FFF0-504F-401D-B187-66C30E4C94E5} = {0382A181-4501-4946-8D49-9DC34400691E}
	EndGlobalSection
	GlobalSection(ExtensibilityGlobals) = postSolution
		SolutionGuid = {E335699C-DE66-4A1C-8295-D4C6EE9DF40F}
	EndGlobalSection
EndGlobal
